#
# This file is autogenerated by pip-compile with Python 3.13
# by the following command:
#
#    pip-compile --output-file=requirements.lock --strip-extras requirements.txt
#
amqp==5.3.1
    # via kombu
asgiref==3.12.1
    # via django
billiard==4.2.4
    # via celery
celery==5.6.3
    # via -r requirements.txt
charset-normalizer==3.5.1
    # via reportlab
click==8.4.2
    # via
    #   celery
    #   click-didyoumean
    #   click-plugins
    #   click-repl
click-didyoumean==0.3.1
    # via celery
click-plugins==1.1.1.2
    # via celery
click-repl==0.3.0
    # via celery
colorama==0.4.6
    # via click
django==5.2.17
    # via
    #   -r requirements.txt
    #   django-simple-history
    #   djangorestframework
django-simple-history==3.13.0
    # via -r requirements.txt
djangorestframework==3.18.0
    # via -r requirements.txt
et-xmlfile==2.0.0
    # via openpyxl
gunicorn==26.1.0
    # via -r requirements.txt
kombu==5.6.2
    # via celery
lxml==6.1.1
    # via python-docx
openpyxl==3.1.5
    # via -r requirements.txt
packaging==26.3
    # via kombu
pillow==12.3.0
    # via reportlab
prompt-toolkit==3.0.53
    # via click-repl
psycopg==3.3.4
    # via -r requirements.txt
psycopg-binary==3.3.4
    # via psycopg
pyotp==2.10.0
    # via -r requirements.txt
pypdf==6.16.1
    # via -r requirements.txt
python-dateutil==2.9.0.post0
    # via celery
python-docx==1.2.0
    # via -r requirements.txt
redis==6.4.0
    # via
    #   -r requirements.txt
    #   kombu
reportlab==5.0.0
    # via -r requirements.txt
six==1.17.0
    # via python-dateutil
sqlparse==0.6.0
    # via django
typing-extensions==4.16.0
    # via python-docx
tzdata==2026.3
    # via
    #   django
    #   kombu
    #   psycopg
    #   tzlocal
tzlocal==5.4.4
    # via celery
vine==5.1.0
    # via
    #   amqp
    #   celery
    #   kombu
wcwidth==0.8.2
    # via prompt-toolkit
